
Microsoft Visual Studio Solution File, Format Version 12.00
# Visual Studio Version 17
VisualStudioVersion = 17.0.31903.59
MinimumVisualStudioVersion = 10.0.40219.1
Project("{FAE04EC0-301F-11D3-BF4B-00C04F79EFBC}") = "WpfApp1", "WpfApp1.csproj", "{46A6B64F-D361-4AB7-91E9-DF0EE86CA227}"
EndProject
Global
	GlobalSection(SolutionConfigurationPlatforms) = preSolution
		Debug|Any CPU = Debug|Any CPU
		Release|Any CPU = Release|Any CPU
	EndGlobalSection
	GlobalSection(ProjectConfigurationPlatforms) = postSolution
		{46A6B64F-D361-4AB7-91E9-DF0EE86CA227}.Debug|Any CPU.ActiveCfg = Debug|Any CPU
		{46A6B64F-D361-4AB7-91E9-DF0EE86CA227}.Debug|Any CPU.Build.0 = Debug|Any CPU
		{46A6B64F-D361-4AB7-91E9-DF0EE86CA227}.Release|Any CPU.ActiveCfg = Release|Any CPU
		{46A6B64F-D361-4AB7-91E9-DF0EE86CA227}.Release|Any CPU.Build.0 = Release|Any CPU
	EndGlobalSection
	GlobalSection(SolutionProperties) = preSolution
		HideSolutionNode = FALSE
	EndGlobalSection
	GlobalSection(ExtensibilityGlobals) = postSolution
		SolutionGuid = {B90D761C-4895-42D1-9826-408E7B33EE1E}
	EndGlobalSection
EndGlobal
